
Microsoft Visual Studio Solution File, Format Version 12.00
# Visual Studio Version 16
VisualStudioVersion = 16.0.32630.194
MinimumVisualStudioVersion = 10.0.40219.1
Project("{FAE04EC0-301F-11D3-BF4B-00C04F79EFBC}") = "DesafioEstacionamento", "DesafioEstacionamento\DesafioEstacionamento.csproj", "{4D1A804E-5020-4494-98A9-517459EF8526}"
EndProject
Global
	GlobalSection(SolutionConfigurationPlatforms) = preSolution
		Debug|Any CPU = Debug|Any CPU
		Release|Any CPU = Release|Any CPU
	EndGlobalSection
	GlobalSection(ProjectConfigurationPlatforms) = postSolution
		{4D1A804E-5020-4494-98A9-517459EF8526}.Debug|Any CPU.ActiveCfg = Debug|Any CPU
		{4D1A804E-5020-4494-98A9-517459EF8526}.Debug|Any CPU.Build.0 = Debug|Any CPU
		{4D1A804E-5020-4494-98A9-517459EF8526}.Release|Any CPU.ActiveCfg = Release|Any CPU
		{4D1A804E-5020-4494-98A9-517459EF8526}.Release|Any CPU.Build.0 = Release|Any CPU
	EndGlobalSection
	GlobalSection(SolutionProperties) = preSolution
		HideSolutionNode = FALSE
	EndGlobalSection
	GlobalSection(ExtensibilityGlobals) = postSolution
		SolutionGuid = {36BB306A-1081-4D69-9325-38F15C05449D}
	EndGlobalSection
EndGlobal
